
Microsoft Visual Studio Solution File, Format Version 12.00
# Visual Studio Version 17
VisualStudioVersion = 17.3.32811.315
MinimumVisualStudioVersion = 10.0.40219.1
Project("{FAE04EC0-301F-11D3-BF4B-00C04F79EFBC}") = "DK01", "DK01\DK01.csproj", "{0E545E9F-196E-4C52-913E-85DDE915AA16}"
EndProject
Global
	GlobalSection(SolutionConfigurationPlatforms) = preSolution
		Debug|Any CPU = Debug|Any CPU
		Release|Any CPU = Release|Any CPU
	EndGlobalSection
	GlobalSection(ProjectConfigurationPlatforms) = postSolution
		{0E545E9F-196E-4C52-913E-85DDE915AA16}.Debug|Any CPU.ActiveCfg = Debug|Any CPU
		{0E545E9F-196E-4C52-913E-85DDE915AA16}.Debug|Any CPU.Build.0 = Debug|Any CPU
		{0E545E9F-196E-4C52-913E-85DDE915AA16}.Release|Any CPU.ActiveCfg = Release|Any CPU
		{0E545E9F-196E-4C52-913E-85DDE915AA16}.Release|Any CPU.Build.0 = Release|Any CPU
	EndGlobalSection
	GlobalSection(SolutionProperties) = preSolution
		HideSolutionNode = FALSE
	EndGlobalSection
	GlobalSection(ExtensibilityGlobals) = postSolution
		SolutionGuid = {87483697-AA5C-4B0A-AF88-76F0C27CE457}
	EndGlobalSection
EndGlobal
